
Microsoft Visual Studio Solution File, Format Version 12.00
# Visual Studio Version 16
VisualStudioVersion = 16.0.31729.503
MinimumVisualStudioVersion = 10.0.40219.1
Project("{9A19103F-16F7-4668-BE54-9A1E7A4F7556}") = "RACAS", "RACAS\RACAS.csproj", "{E3DA9967-A4E2-4EC5-8C83-02638D78B1EE}"
EndProject
Global
	GlobalSection(SolutionConfigurationPlatforms) = preSolution
		Debug|Any CPU = Debug|Any CPU
		Release|Any CPU = Release|Any CPU
	EndGlobalSection
	GlobalSection(ProjectConfigurationPlatforms) = postSolution
		{E3DA9967-A4E2-4EC5-8C83-02638D78B1EE}.Debug|Any CPU.ActiveCfg = Debug|Any CPU
		{E3DA9967-A4E2-4EC5-8C83-02638D78B1EE}.Debug|Any CPU.Build.0 = Debug|Any CPU
		{E3DA9967-A4E2-4EC5-8C83-02638D78B1EE}.Release|Any CPU.ActiveCfg = Release|Any CPU
		{E3DA9967-A4E2-4EC5-8C83-02638D78B1EE}.Release|Any CPU.Build.0 = Release|Any CPU
	EndGlobalSection
	GlobalSection(SolutionProperties) = preSolution
		HideSolutionNode = FALSE
	EndGlobalSection
	GlobalSection(ExtensibilityGlobals) = postSolution
		SolutionGuid = {34396057-7CFF-44FC-A52A-00438EA8F755}
	EndGlobalSection
EndGlobal
